# This file is autogenerated, do not edit; changes may be undone by the next 'dep ensure'.


[[projects]]
  branch = "master"
  name = "github.com/golang/groupcache"
  packages = ["lru"]
  revision = "84a468cf14b4376def5d68c722b139b881c450a4"

[[projects]]
  name = "github.com/kz26/m3u8"
  packages = ["."]
  revision = "f4e160da0cb88ec9173db7e1593c72634863750d"
  version = "v0.2"

[solve-meta]
  analyzer-name = "dep"
  analyzer-version = 1
  inputs-digest = "d47ef487eade208d4567dfbb260073b038b1abb1e5d518ad218444d4d48c6ce2"
  solver-name = "gps-cdcl"
  solver-version = 1
