# This file is autogenerated, do not edit; changes may be undone by the next 'dep ensure'.


[[projects]]
  name = "github.com/Zauberstuhl/go-coinbase"
  packages = ["."]
  revision = "d2004a546813f19de64f4cecdb7be9890daef2da"
  version = "v1.0.0"

[solve-meta]
  analyzer-name = "dep"
  analyzer-version = 1
  inputs-digest = "dacb650c1e3d16d766f204d97ae402d47adac83815ca7428aacb8421d4eeb0f2"
  solver-name = "gps-cdcl"
  solver-version = 1
